
Microsoft Visual Studio Solution File, Format Version 12.00
# Visual Studio Version 17
VisualStudioVersion = 17.5.002.0
MinimumVisualStudioVersion = 10.0.40219.1
Project("{9A19103F-16F7-4668-BE54-9A1E7A4F7556}") = "C#-Rock-Paper-Scissors game", "C#-Rock-Paper-Scissors game.csproj", "{EDB42A0F-E5A3-4D70-8BBA-BB641499ABB8}"
EndProject
Global
	GlobalSection(SolutionConfigurationPlatforms) = preSolution
		Debug|Any CPU = Debug|Any CPU
		Release|Any CPU = Release|Any CPU
	EndGlobalSection
	GlobalSection(ProjectConfigurationPlatforms) = postSolution
		{EDB42A0F-E5A3-4D70-8BBA-BB641499ABB8}.Debug|Any CPU.ActiveCfg = Debug|Any CPU
		{EDB42A0F-E5A3-4D70-8BBA-BB641499ABB8}.Debug|Any CPU.Build.0 = Debug|Any CPU
		{EDB42A0F-E5A3-4D70-8BBA-BB641499ABB8}.Release|Any CPU.ActiveCfg = Release|Any CPU
		{EDB42A0F-E5A3-4D70-8BBA-BB641499ABB8}.Release|Any CPU.Build.0 = Release|Any CPU
	EndGlobalSection
	GlobalSection(SolutionProperties) = preSolution
		HideSolutionNode = FALSE
	EndGlobalSection
	GlobalSection(ExtensibilityGlobals) = postSolution
		SolutionGuid = {C2E34C7A-AB97-47E0-8AA9-6CBED7EEEAB6}
	EndGlobalSection
EndGlobal
